
Microsoft Visual Studio Solution File, Format Version 12.00
# Visual Studio Version 16
VisualStudioVersion = 16.0.29806.167
MinimumVisualStudioVersion = 10.0.40219.1
Project("{8BC9CEB8-8B4A-11D0-8D11-00A0C91BC942}") = "lelcache", "lelcache.vcxproj", "{20708B1C-C09F-469A-9765-73DACAB55DED}"
EndProject
Global
	GlobalSection(SolutionConfigurationPlatforms) = preSolution
		Debug|x64 = Debug|x64
		Debug|x86 = Debug|x86
		Release|x64 = Release|x64
		Release|x86 = Release|x86
	EndGlobalSection
	GlobalSection(ProjectConfigurationPlatforms) = postSolution
		{20708B1C-C09F-469A-9765-73DACAB55DED}.Debug|x64.ActiveCfg = Debug|x64
		{20708B1C-C09F-469A-9765-73DACAB55DED}.Debug|x64.Build.0 = Debug|x64
		{20708B1C-C09F-469A-9765-73DACAB55DED}.Debug|x86.ActiveCfg = Debug|Win32
		{20708B1C-C09F-469A-9765-73DACAB55DED}.Debug|x86.Build.0 = Debug|Win32
		{20708B1C-C09F-469A-9765-73DACAB55DED}.Release|x64.ActiveCfg = Release|x64
		{20708B1C-C09F-469A-9765-73DACAB55DED}.Release|x64.Build.0 = Release|x64
		{20708B1C-C09F-469A-9765-73DACAB55DED}.Release|x86.ActiveCfg = Release|Win32
		{20708B1C-C09F-469A-9765-73DACAB55DED}.Release|x86.Build.0 = Release|Win32
	EndGlobalSection
	GlobalSection(SolutionProperties) = preSolution
		HideSolutionNode = FALSE
	EndGlobalSection
	GlobalSection(ExtensibilityGlobals) = postSolution
		SolutionGuid = {51B9D8A8-022B-4CBB-8D19-A359CFE0DF57}
	EndGlobalSection
EndGlobal
